
Microsoft Visual Studio Solution File, Format Version 12.00
# Visual Studio Version 17
VisualStudioVersion = 17.0.31903.59
MinimumVisualStudioVersion = 10.0.40219.1
Project("{FAE04EC0-301F-11D3-BF4B-00C04F79EFBC}") = "ConsoleApps", "ConsoleApps\ConsoleApps.csproj", "{20F70639-1153-4B69-B0D5-071F79350616}"
EndProject
Project("{FAE04EC0-301F-11D3-BF4B-00C04F79EFBC}") = "variables", "variables\variables.csproj", "{775336B6-44B7-4422-B667-867DA7BA2A9C}"
EndProject
Project("{FAE04EC0-301F-11D3-BF4B-00C04F79EFBC}") = "Concats", "Concats\Concats.csproj", "{B512431C-F494-4077-B3C0-ECBF977E9E60}"
EndProject
Project("{FAE04EC0-301F-11D3-BF4B-00C04F79EFBC}") = "ContactsChallenge", "ContactsChallenge\ContactsChallenge.csproj", "{EB644F39-7DB4-4808-AE3D-7A0E006801B2}"
EndProject
Project("{FAE04EC0-301F-11D3-BF4B-00C04F79EFBC}") = "Operations", "Operations\Operations.csproj", "{8A9D1EFE-90E9-4A05-A863-08DE26BCDC68}"
EndProject
Project("{FAE04EC0-301F-11D3-BF4B-00C04F79EFBC}") = "OperationsChallenge", "OperationsChallenge\OperationsChallenge.csproj", "{79C196BE-171E-4A2C-A6FF-F7859F8E3E5B}"
EndProject
Project("{2150E333-8FDC-42A3-9474-1A3956D46DE8}") = "Projects", "Projects", "{A3575026-B975-4A1E-8D36-B445CB05E1DE}"
EndProject
Project("{FAE04EC0-301F-11D3-BF4B-00C04F79EFBC}") = "StudentGrading", "Projects\StudentGrading\StudentGrading.csproj", "{C66814D4-316B-481E-BAF6-8902673BACB5}"
EndProject
Project("{FAE04EC0-301F-11D3-BF4B-00C04F79EFBC}") = "StudentGrading2", "Projects\StudentGrading2\StudentGrading2.csproj", "{5DD15C66-A976-4878-B2FA-3A2AB4EFAC7F}"
EndProject
Project("{FAE04EC0-301F-11D3-BF4B-00C04F79EFBC}") = "MethodCalls", "MethodCalls\MethodCalls.csproj", "{8C9C80A7-9E83-4E62-B867-8E532B1CFDA5}"
EndProject
Project("{FAE04EC0-301F-11D3-BF4B-00C04F79EFBC}") = "Conditionals", "Conditionals\Conditionals.csproj", "{7935D25A-904B-4390-836A-4DC030F91710}"
EndProject
Project("{FAE04EC0-301F-11D3-BF4B-00C04F79EFBC}") = "ConditionalsChallenge", "ConditionalsChallenge\ConditionalsChallenge.csproj", "{E658D8B9-4F49-4F16-9890-48A0B1F38E2E}"
EndProject
Global
	GlobalSection(SolutionConfigurationPlatforms) = preSolution
		Debug|Any CPU = Debug|Any CPU
		Release|Any CPU = Release|Any CPU
	EndGlobalSection
	GlobalSection(SolutionProperties) = preSolution
		HideSolutionNode = FALSE
	EndGlobalSection
	GlobalSection(ProjectConfigurationPlatforms) = postSolution
		{20F70639-1153-4B69-B0D5-071F79350616}.Debug|Any CPU.ActiveCfg = Debug|Any CPU
		{20F70639-1153-4B69-B0D5-071F79350616}.Debug|Any CPU.Build.0 = Debug|Any CPU
		{20F70639-1153-4B69-B0D5-071F79350616}.Release|Any CPU.ActiveCfg = Release|Any CPU
		{20F70639-1153-4B69-B0D5-071F79350616}.Release|Any CPU.Build.0 = Release|Any CPU
		{775336B6-44B7-4422-B667-867DA7BA2A9C}.Debug|Any CPU.ActiveCfg = Debug|Any CPU
		{775336B6-44B7-4422-B667-867DA7BA2A9C}.Debug|Any CPU.Build.0 = Debug|Any CPU
		{775336B6-44B7-4422-B667-867DA7BA2A9C}.Release|Any CPU.ActiveCfg = Release|Any CPU
		{775336B6-44B7-4422-B667-867DA7BA2A9C}.Release|Any CPU.Build.0 = Release|Any CPU
		{B512431C-F494-4077-B3C0-ECBF977E9E60}.Debug|Any CPU.ActiveCfg = Debug|Any CPU
		{B512431C-F494-4077-B3C0-ECBF977E9E60}.Debug|Any CPU.Build.0 = Debug|Any CPU
		{B512431C-F494-4077-B3C0-ECBF977E9E60}.Release|Any CPU.ActiveCfg = Release|Any CPU
		{B512431C-F494-4077-B3C0-ECBF977E9E60}.Release|Any CPU.Build.0 = Release|Any CPU
		{EB644F39-7DB4-4808-AE3D-7A0E006801B2}.Debug|Any CPU.ActiveCfg = Debug|Any CPU
		{EB644F39-7DB4-4808-AE3D-7A0E006801B2}.Debug|Any CPU.Build.0 = Debug|Any CPU
		{EB644F39-7DB4-4808-AE3D-7A0E006801B2}.Release|Any CPU.ActiveCfg = Release|Any CPU
		{EB644F39-7DB4-4808-AE3D-7A0E006801B2}.Release|Any CPU.Build.0 = Release|Any CPU
		{8A9D1EFE-90E9-4A05-A863-08DE26BCDC68}.Debug|Any CPU.ActiveCfg = Debug|Any CPU
		{8A9D1EFE-90E9-4A05-A863-08DE26BCDC68}.Debug|Any CPU.Build.0 = Debug|Any CPU
		{8A9D1EFE-90E9-4A05-A863-08DE26BCDC68}.Release|Any CPU.ActiveCfg = Release|Any CPU
		{8A9D1EFE-90E9-4A05-A863-08DE26BCDC68}.Release|Any CPU.Build.0 = Release|Any CPU
		{79C196BE-171E-4A2C-A6FF-F7859F8E3E5B}.Debug|Any CPU.ActiveCfg = Debug|Any CPU
		{79C196BE-171E-4A2C-A6FF-F7859F8E3E5B}.Debug|Any CPU.Build.0 = Debug|Any CPU
		{79C196BE-171E-4A2C-A6FF-F7859F8E3E5B}.Release|Any CPU.ActiveCfg = Release|Any CPU
		{79C196BE-171E-4A2C-A6FF-F7859F8E3E5B}.Release|Any CPU.Build.0 = Release|Any CPU
		{C66814D4-316B-481E-BAF6-8902673BACB5}.Debug|Any CPU.ActiveCfg = Debug|Any CPU
		{C66814D4-316B-481E-BAF6-8902673BACB5}.Debug|Any CPU.Build.0 = Debug|Any CPU
		{C66814D4-316B-481E-BAF6-8902673BACB5}.Release|Any CPU.ActiveCfg = Release|Any CPU
		{C66814D4-316B-481E-BAF6-8902673BACB5}.Release|Any CPU.Build.0 = Release|Any CPU
		{5DD15C66-A976-4878-B2FA-3A2AB4EFAC7F}.Debug|Any CPU.ActiveCfg = Debug|Any CPU
		{5DD15C66-A976-4878-B2FA-3A2AB4EFAC7F}.Debug|Any CPU.Build.0 = Debug|Any CPU
		{5DD15C66-A976-4878-B2FA-3A2AB4EFAC7F}.Release|Any CPU.ActiveCfg = Release|Any CPU
		{5DD15C66-A976-4878-B2FA-3A2AB4EFAC7F}.Release|Any CPU.Build.0 = Release|Any CPU
		{8C9C80A7-9E83-4E62-B867-8E532B1CFDA5}.Debug|Any CPU.ActiveCfg = Debug|Any CPU
		{8C9C80A7-9E83-4E62-B867-8E532B1CFDA5}.Debug|Any CPU.Build.0 = Debug|Any CPU
		{8C9C80A7-9E83-4E62-B867-8E532B1CFDA5}.Release|Any CPU.ActiveCfg = Release|Any CPU
		{8C9C80A7-9E83-4E62-B867-8E532B1CFDA5}.Release|Any CPU.Build.0 = Release|Any CPU
		{7935D25A-904B-4390-836A-4DC030F91710}.Debug|Any CPU.ActiveCfg = Debug|Any CPU
		{7935D25A-904B-4390-836A-4DC030F91710}.Debug|Any CPU.Build.0 = Debug|Any CPU
		{7935D25A-904B-4390-836A-4DC030F91710}.Release|Any CPU.ActiveCfg = Release|Any CPU
		{7935D25A-904B-4390-836A-4DC030F91710}.Release|Any CPU.Build.0 = Release|Any CPU
		{E658D8B9-4F49-4F16-9890-48A0B1F38E2E}.Debug|Any CPU.ActiveCfg = Debug|Any CPU
		{E658D8B9-4F49-4F16-9890-48A0B1F38E2E}.Debug|Any CPU.Build.0 = Debug|Any CPU
		{E658D8B9-4F49-4F16-9890-48A0B1F38E2E}.Release|Any CPU.ActiveCfg = Release|Any CPU
		{E658D8B9-4F49-4F16-9890-48A0B1F38E2E}.Release|Any CPU.Build.0 = Release|Any CPU
	EndGlobalSection
	GlobalSection(NestedProjects) = preSolution
		{C66814D4-316B-481E-BAF6-8902673BACB5} = {A3575026-B975-4A1E-8D36-B445CB05E1DE}
		{5DD15C66-A976-4878-B2FA-3A2AB4EFAC7F} = {A3575026-B975-4A1E-8D36-B445CB05E1DE}
	EndGlobalSection
EndGlobal
